{
  "name": "proofweave",
  "version": "0.1.0",
  "lockfileVersion": 3,
  "requires": true,
  "packages": {
    "": {
      "name": "proofweave",
      "version": "0.1.0",
      "license": "MIT",
      "bin": {
        "proofweave": "bin/proofweave.js"
      },
      "engines": {
        "node": ">=22"
      },
      "devDependencies": {
        "@types/node": "24.10.1",
        "typescript": "5.9.3",
        "vite": "8.2.2"
      }
    },
    "../beamer-to-ppt/node_modules/@napi-rs/canvas": {
      "version": "0.1.100",
      "extraneous": true,
      "license": "MIT",
      "workspaces": [
        "e2e/*"
      ],
      "devDependencies": {
        "@jimp/core": "^1.6.0",
        "@jimp/custom": "^0.22.12",
        "@jimp/jpeg": "^0.22.12",
        "@jimp/png": "^0.22.12",
        "@napi-rs/cli": "^3.5.0",
        "@napi-rs/webcodecs": "^1.1.1",
        "@octokit/rest": "^22.0.1",
        "@oxc-node/cli": "^0.1.0",
        "@oxc-node/core": "^0.1.0",
        "@taplo/cli": "^0.7.0",
        "@types/lodash": "^4.17.21",
        "@types/node": "^25.0.3",
        "@types/semver": "^7",
        "ava": "^7.0.0",
        "canvas": "^3.2.0",
        "canvaskit-wasm": "^0.41.0",
        "colorette": "^2.0.20",
        "conventional-changelog-cli": "^5.0.0",
        "core-js": "^3.47.0",
        "echarts": "^6.0.0",
        "electron": "^41.0.0",
        "husky": "^9.1.7",
        "lint-staged": "^16.2.7",
        "lodash": "^4.17.21",
        "npm-run-all2": "^8.0.4",
        "oxlint": "^1.34.0",
        "oxlint-tsgolint": "^0.22.0",
        "pinst": "^3.0.0",
        "png.js": "^0.2.1",
        "prettier": "^3.7.4",
        "pretty-bytes": "^7.1.0",
        "semver": "^7.7.3",
        "skia-canvas": "^3.0.8",
        "table": "^6.9.0",
        "tinybench": "^6.0.0",
        "typescript": "^6.0.0"
      },
      "engines": {
        "node": ">= 10"
      },
      "funding": {
        "type": "github",
        "url": "https://github.com/sponsors/Brooooooklyn"
      },
      "optionalDependencies": {
        "@napi-rs/canvas-android-arm64": "0.1.100",
        "@napi-rs/canvas-darwin-arm64": "0.1.100",
        "@napi-rs/canvas-darwin-x64": "0.1.100",
        "@napi-rs/canvas-linux-arm-gnueabihf": "0.1.100",
        "@napi-rs/canvas-linux-arm64-gnu": "0.1.100",
        "@napi-rs/canvas-linux-arm64-musl": "0.1.100",
        "@napi-rs/canvas-linux-riscv64-gnu": "0.1.100",
        "@napi-rs/canvas-linux-x64-gnu": "0.1.100",
        "@napi-rs/canvas-linux-x64-musl": "0.1.100",
        "@napi-rs/canvas-win32-arm64-msvc": "0.1.100",
        "@napi-rs/canvas-win32-x64-msvc": "0.1.100"
      }
    },
    "../beamer-to-ppt/node_modules/@napi-rs/canvas-linux-x64-gnu": {
      "version": "0.1.100",
      "cpu": [
        "x64"
      ],
      "extraneous": true,
      "license": "MIT",
      "os": [
        "linux"
      ],
      "engines": {
        "node": ">= 10"
      },
      "funding": {
        "type": "github",
        "url": "https://github.com/sponsors/Brooooooklyn"
      }
    },
    "../beamer-to-ppt/node_modules/@napi-rs/canvas-linux-x64-musl": {
      "version": "0.1.100",
      "cpu": [
        "x64"
      ],
      "extraneous": true,
      "license": "MIT",
      "os": [
        "linux"
      ],
      "engines": {
        "node": ">= 10"
      },
      "funding": {
        "type": "github",
        "url": "https://github.com/sponsors/Brooooooklyn"
      }
    },
    "../beamer-to-ppt/node_modules/@oxc-project/types": {
      "version": "0.146.0",
      "extraneous": true,
      "license": "MIT",
      "funding": {
        "url": "https://github.com/sponsors/Boshen"
      }
    },
    "../beamer-to-ppt/node_modules/@rolldown/binding-linux-x64-gnu": {
      "version": "1.2.5",
      "cpu": [
        "x64"
      ],
      "extraneous": true,
      "license": "MIT",
      "os": [
        "linux"
      ],
      "engines": {
        "node": "^20.19.0 || >=22.12.0"
      }
    },
    "../beamer-to-ppt/node_modules/@rolldown/binding-linux-x64-musl": {
      "version": "1.2.5",
      "cpu": [
        "x64"
      ],
      "extraneous": true,
      "license": "MIT",
      "os": [
        "linux"
      ],
      "engines": {
        "node": "^20.19.0 || >=22.12.0"
      }
    },
    "../beamer-to-ppt/node_modules/@rolldown/pluginutils": {
      "version": "1.0.1",
      "extraneous": true,
      "license": "MIT",
      "devDependencies": {
        "@types/picomatch": "^4.0.3",
        "picomatch": "^4.0.4",
        "typescript": "^5.9.3"
      }
    },
    "../beamer-to-ppt/node_modules/@types/node": {
      "version": "24.10.1",
      "extraneous": true,
      "license": "MIT",
      "dependencies": {
        "undici-types": "~7.16.0"
      }
    },
    "../beamer-to-ppt/node_modules/core-util-is": {
      "version": "1.0.3",
      "extraneous": true,
      "license": "MIT",
      "devDependencies": {
        "tap": "^15.0.9"
      }
    },
    "../beamer-to-ppt/node_modules/detect-libc": {
      "version": "2.1.2",
      "extraneous": true,
      "license": "Apache-2.0",
      "devDependencies": {
        "ava": "^2.4.0",
        "benchmark": "^2.1.4",
        "conventional-changelog-cli": "^5.0.0",
        "eslint-config-standard": "^13.0.1",
        "nyc": "^15.1.0",
        "proxyquire": "^2.1.3",
        "semistandard": "^14.2.3"
      },
      "engines": {
        "node": ">=8"
      }
    },
    "../beamer-to-ppt/node_modules/fdir": {
      "version": "6.5.0",
      "extraneous": true,
      "license": "MIT",
      "devDependencies": {
        "@types/glob": "^8.1.0",
        "@types/mock-fs": "^4.13.4",
        "@types/node": "^20.9.4",
        "@types/picomatch": "^4.0.0",
        "@types/tap": "^15.0.11",
        "@vitest/coverage-v8": "^0.34.6",
        "all-files-in-tree": "^1.1.2",
        "benny": "^3.7.1",
        "csv-to-markdown-table": "^1.3.1",
        "expect": "^29.7.0",
        "fast-glob": "^3.3.2",
        "fdir1": "npm:fdir@1.2.0",
        "fdir2": "npm:fdir@2.1.0",
        "fdir3": "npm:fdir@3.4.2",
        "fdir4": "npm:fdir@4.1.0",
        "fdir5": "npm:fdir@5.0.0",
        "fs-readdir-recursive": "^1.1.0",
        "get-all-files": "^4.1.0",
        "glob": "^10.3.10",
        "klaw-sync": "^6.0.0",
        "mock-fs": "^5.2.0",
        "picomatch": "^4.0.2",
        "prettier": "^3.5.3",
        "recur-readdir": "0.0.1",
        "recursive-files": "^1.0.2",
        "recursive-fs": "^2.1.0",
        "recursive-readdir": "^2.2.3",
        "rrdir": "^12.1.0",
        "systeminformation": "^5.21.17",
        "tiny-glob": "^0.2.9",
        "ts-node": "^10.9.1",
        "tsdown": "^0.12.5",
        "typescript": "^5.3.2",
        "vitest": "^0.34.6",
        "walk-sync": "^3.0.0"
      },
      "engines": {
        "node": ">=12.0.0"
      },
      "peerDependencies": {
        "picomatch": "^3 || ^4"
      },
      "peerDependenciesMeta": {
        "picomatch": {
          "optional": true
        }
      }
    },
    "../beamer-to-ppt/node_modules/https": {
      "version": "1.0.0",
      "extraneous": true,
      "license": "ISC"
    },
    "../beamer-to-ppt/node_modules/image-size": {
      "version": "1.2.1",
      "extraneous": true,
      "license": "MIT",
      "dependencies": {
        "queue": "6.0.2"
      },
      "bin": {
        "image-size": "bin/image-size.js"
      },
      "devDependencies": {
        "@eslint/js": "9.5.0",
        "@types/chai": "4.3.16",
        "@types/eslint__js": "8.42.3",
        "@types/glob": "8.1.0",
        "@types/mocha": "10.0.7",
        "@types/node": "18.19.39",
        "@types/sinon": "17.0.3",
        "chai": "4.4.1",
        "eslint": "8.57.0",
        "eslint-config-prettier": "9.1.0",
        "eslint-plugin-prettier": "5.1.3",
        "glob": "10.4.2",
        "mocha": "10.2.0",
        "nyc": "15.1.0",
        "prettier": "3.3.2",
        "sinon": "17.0.1",
        "ts-node": "10.9.2",
        "typedoc": "0.25.13",
        "typescript": "5.4.5",
        "typescript-eslint": "7.13.1"
      },
      "engines": {
        "node": ">=16.x"
      }
    },
    "../beamer-to-ppt/node_modules/immediate": {
      "version": "3.0.6",
      "extraneous": true,
      "license": "MIT",
      "devDependencies": {
        "browserify": "^13.0.0",
        "browserify-transform-cli": "^1.1.1",
        "derequire": "^2.0.0",
        "inline-process-browser": "^2.0.0",
        "jshint": "^2.5.1",
        "tape": "^4.0.0",
        "uglify-js": "^2.4.13",
        "unreachable-branch-transform": "^0.5.1"
      }
    },
    "../beamer-to-ppt/node_modules/inherits": {
      "version": "2.0.4",
      "extraneous": true,
      "license": "ISC",
      "devDependencies": {
        "tap": "^14.2.4"
      }
    },
    "../beamer-to-ppt/node_modules/isarray": {
      "version": "1.0.0",
      "extraneous": true,
      "license": "MIT",
      "devDependencies": {
        "tape": "~2.13.4"
      }
    },
    "../beamer-to-ppt/node_modules/jszip": {
      "version": "3.10.1",
      "extraneous": true,
      "license": "(MIT OR GPL-3.0-or-later)",
      "dependencies": {
        "lie": "~3.3.0",
        "pako": "~1.0.2",
        "readable-stream": "~2.3.6",
        "setimmediate": "^1.0.5"
      },
      "devDependencies": {
        "benchmark": "^2.1.4",
        "browserify": "~13.0.0",
        "eslint": "^8.18.0",
        "grunt": "~0.4.1",
        "grunt-browserify": "~5.0.0",
        "grunt-cli": "~1.1.0",
        "grunt-contrib-uglify": "~4.0.1",
        "http-server": "^13.0.2",
        "jszip-utils": "~0.0.2",
        "package-json-versionify": "1.0.2",
        "playwright": "^1.15.2",
        "qunit": "~2.9.2",
        "tmp": "0.0.28",
        "typescript": "^4.6.3"
      }
    },
    "../beamer-to-ppt/node_modules/lie": {
      "version": "3.3.0",
      "extraneous": true,
      "license": "MIT",
      "dependencies": {
        "immediate": "~3.0.5"
      },
      "devDependencies": {
        "browserify": "^13.0.0",
        "browserify-transform-cli": "^1.1.1",
        "bundle-collapser": "^1.2.1",
        "copyfiles": "^1.0.0",
        "derequire": "^1.2.0",
        "es3ify": "^0.2.2",
        "inline-process-browser": "^1.0.0",
        "istanbul": "^0.2.6",
        "jshint": "^2.4.4",
        "mkdirp": "^0.5.1",
        "mocha": "^1.18.0",
        "mocha-phantomjs": "~3.5.0",
        "phantomjs": "^1.9.9",
        "promises-aplus-tests": "calvinmetcalf/promises-tests#phantom",
        "rimraf": "^2.5.4",
        "typescript": "^2.7.1",
        "uglify-js": "^2.4.13",
        "unreachable-branch-transform": "^0.3.0"
      }
    },
    "../beamer-to-ppt/node_modules/lightningcss": {
      "version": "1.33.0",
      "extraneous": true,
      "license": "MPL-2.0",
      "dependencies": {
        "detect-libc": "^2.0.3"
      },
      "devDependencies": {
        "@babel/parser": "7.21.4",
        "@babel/traverse": "7.21.4",
        "@codemirror/lang-css": "^6.0.1",
        "@codemirror/lang-javascript": "^6.1.2",
        "@codemirror/lint": "^6.1.0",
        "@codemirror/theme-one-dark": "^6.1.0",
        "@mdn/browser-compat-data": "~8.0.7",
        "@napi-rs/cli": "^2.14.0",
        "autoprefixer": "^10.5.4",
        "caniuse-lite": "^1.0.30001806",
        "codemirror": "^6.0.1",
        "cssnano": "^7.0.6",
        "esbuild": "^0.19.8",
        "flowgen": "^1.21.0",
        "jest-diff": "^27.4.2",
        "json-schema-to-typescript": "^11.0.2",
        "markdown-it-anchor": "^8.6.6",
        "markdown-it-prism": "^2.3.0",
        "markdown-it-table-of-contents": "^0.6.0",
        "napi-wasm": "^1.0.1",
        "node-fetch": "^3.1.0",
        "parcel": "^2.8.2",
        "patch-package": "^6.5.0",
        "path-browserify": "^1.0.1",
        "postcss": "^8.3.11",
        "posthtml-include": "^1.7.4",
        "posthtml-markdownit": "^1.3.1",
        "posthtml-prism": "^1.0.4",
        "process": "^0.11.10",
        "puppeteer": "^12.0.1",
        "recast": "^0.22.0",
        "sharp": "^0.33.5",
        "typescript": "^5.7.2",
        "util": "^0.12.4",
        "uvu": "^0.5.6"
      },
      "engines": {
        "node": ">= 12.0.0"
      },
      "funding": {
        "type": "opencollective",
        "url": "https://opencollective.com/parcel"
      },
      "optionalDependencies": {
        "lightningcss-android-arm64": "1.33.0",
        "lightningcss-darwin-arm64": "1.33.0",
        "lightningcss-darwin-x64": "1.33.0",
        "lightningcss-freebsd-x64": "1.33.0",
        "lightningcss-linux-arm-gnueabihf": "1.33.0",
        "lightningcss-linux-arm64-gnu": "1.33.0",
        "lightningcss-linux-arm64-musl": "1.33.0",
        "lightningcss-linux-x64-gnu": "1.33.0",
        "lightningcss-linux-x64-musl": "1.33.0",
        "lightningcss-win32-arm64-msvc": "1.33.0",
        "lightningcss-win32-x64-msvc": "1.33.0"
      }
    },
    "../beamer-to-ppt/node_modules/lightningcss-linux-x64-gnu": {
      "version": "1.33.0",
      "cpu": [
        "x64"
      ],
      "extraneous": true,
      "license": "MPL-2.0",
      "os": [
        "linux"
      ],
      "engines": {
        "node": ">= 12.0.0"
      },
      "funding": {
        "type": "opencollective",
        "url": "https://opencollective.com/parcel"
      }
    },
    "../beamer-to-ppt/node_modules/lightningcss-linux-x64-musl": {
      "version": "1.33.0",
      "cpu": [
        "x64"
      ],
      "extraneous": true,
      "license": "MPL-2.0",
      "os": [
        "linux"
      ],
      "engines": {
        "node": ">= 12.0.0"
      },
      "funding": {
        "type": "opencollective",
        "url": "https://opencollective.com/parcel"
      }
    },
    "../beamer-to-ppt/node_modules/nanoid": {
      "version": "3.3.18",
      "extraneous": true,
      "funding": [
        {
          "type": "github",
          "url": "https://github.com/sponsors/ai"
        }
      ],
      "license": "MIT",
      "bin": {
        "nanoid": "bin/nanoid.cjs"
      },
      "engines": {
        "node": "^10 || ^12 || ^13.7 || ^14 || >=15.0.1"
      }
    },
    "../beamer-to-ppt/node_modules/node-readable-to-web-readable-stream": {
      "version": "0.4.2",
      "extraneous": true,
      "license": "MIT",
      "devDependencies": {
        "@biomejs/biome": "^1.9.4",
        "@types/chai": "^5.0.1",
        "@types/mocha": "^10.0.10",
        "@types/node": "^22.13.8",
        "chai": "^5.2.0",
        "del-cli": "^6.0.0",
        "mocha": "^11.0.1",
        "typescript": "^5.8.2"
      }
    },
    "../beamer-to-ppt/node_modules/pako": {
      "version": "1.0.11",
      "extraneous": true,
      "license": "(MIT AND Zlib)",
      "devDependencies": {
        "ansi": "^0.3.1",
        "benchmark": "^2.1.4",
        "browserify": "^16.2.3",
        "buffer-from": "^1.1.1",
        "eslint": "^5.9.0",
        "istanbul": "^0.4.5",
        "mocha": "^5.2.0",
        "multiparty": "^4.1.3",
        "ndoc": "^5.0.1",
        "uglify-js": "=3.4.8",
        "zlibjs": "^0.3.1"
      }
    },
    "../beamer-to-ppt/node_modules/pdfjs-dist": {
      "version": "5.4.624",
      "extraneous": true,
      "license": "Apache-2.0",
      "engines": {
        "node": ">=20.16.0 || >=22.3.0"
      },
      "optionalDependencies": {
        "@napi-rs/canvas": "^0.1.88",
        "node-readable-to-web-readable-stream": "^0.4.2"
      }
    },
    "../beamer-to-ppt/node_modules/picocolors": {
      "version": "1.1.1",
      "extraneous": true,
      "license": "ISC"
    },
    "../beamer-to-ppt/node_modules/picomatch": {
      "version": "4.0.5",
      "extraneous": true,
      "license": "MIT",
      "devDependencies": {
        "eslint": "^8.57.0",
        "fill-range": "^7.0.1",
        "gulp-format-md": "^2.0.0",
        "mocha": "^10.4.0",
        "nyc": "^15.1.0"
      },
      "engines": {
        "node": ">=12"
      },
      "funding": {
        "url": "https://github.com/sponsors/jonschlinkert"
      }
    },
    "../beamer-to-ppt/node_modules/postcss": {
      "version": "8.5.26",
      "extraneous": true,
      "funding": [
        {
          "type": "opencollective",
          "url": "https://opencollective.com/postcss/"
        },
        {
          "type": "tidelift",
          "url": "https://tidelift.com/funding/github/npm/postcss"
        },
        {
          "type": "github",
          "url": "https://github.com/sponsors/ai"
        }
      ],
      "license": "MIT",
      "dependencies": {
        "nanoid": "^3.3.17",
        "picocolors": "^1.1.1",
        "source-map-js": "^1.2.1"
      },
      "engines": {
        "node": "^10 || ^12 || >=14"
      }
    },
    "../beamer-to-ppt/node_modules/pptxgenjs": {
      "version": "4.0.1",
      "extraneous": true,
      "license": "MIT",
      "dependencies": {
        "@types/node": "^22.8.1",
        "https": "^1.0.0",
        "image-size": "^1.2.1",
        "jszip": "^3.10.1"
      },
      "devDependencies": {
        "@eslint/js": "^9.25.1",
        "@rollup/plugin-commonjs": "^28.0.1",
        "@rollup/plugin-node-resolve": "^16.0.1",
        "@stylistic/eslint-plugin": "^4.2.0",
        "@typescript-eslint/eslint-plugin": "^8.31.0",
        "@typescript-eslint/parser": "^8.31.0",
        "eslint": "^9.25.1",
        "express": "^5.1.0",
        "gulp": "^5.0.0",
        "gulp-concat": "^2.6.1",
        "gulp-delete-lines": "0.0.7",
        "gulp-ignore": "^3.0.0",
        "gulp-insert": "^0.5.0",
        "gulp-sourcemaps": "^3.0.0",
        "gulp-uglify": "^3.0.2",
        "rollup": "^4.24.2",
        "rollup-plugin-typescript2": "^0.36.0",
        "tslib": "^2.8.0",
        "typescript": "^5.6.3",
        "typescript-eslint": "^8.31.0"
      }
    },
    "../beamer-to-ppt/node_modules/process-nextick-args": {
      "version": "2.0.1",
      "extraneous": true,
      "license": "MIT",
      "devDependencies": {
        "tap": "~0.2.6"
      }
    },
    "../beamer-to-ppt/node_modules/queue": {
      "version": "6.0.2",
      "extraneous": true,
      "license": "MIT",
      "dependencies": {
        "inherits": "~2.0.3"
      },
      "devDependencies": {
        "@types/node": "*",
        "browserify": "^16.2.3",
        "coveralls": "^3.0.3",
        "istanbul": "^0.4.5",
        "standard": "^12.0.1",
        "tape": "^4.10.1",
        "tsd-check": "*",
        "typescript": "^3.3.3333"
      }
    },
    "../beamer-to-ppt/node_modules/readable-stream": {
      "version": "2.3.8",
      "extraneous": true,
      "license": "MIT",
      "dependencies": {
        "core-util-is": "~1.0.0",
        "inherits": "~2.0.3",
        "isarray": "~1.0.0",
        "process-nextick-args": "~2.0.0",
        "safe-buffer": "~5.1.1",
        "string_decoder": "~1.1.1",
        "util-deprecate": "~1.0.1"
      },
      "devDependencies": {
        "assert": "^1.4.0",
        "babel-polyfill": "^6.9.1",
        "buffer": "^4.9.0",
        "lolex": "^2.3.2",
        "nyc": "^6.4.0",
        "tap": "^0.7.0",
        "tape": "^4.8.0"
      }
    },
    "../beamer-to-ppt/node_modules/rolldown": {
      "version": "1.2.5",
      "extraneous": true,
      "license": "MIT",
      "dependencies": {
        "@oxc-project/types": "=0.146.0",
        "@rolldown/pluginutils": "^1.0.0"
      },
      "bin": {
        "rolldown": "bin/cli.mjs"
      },
      "devDependencies": {
        "@emnapi/core": "2.0.0-alpha.4",
        "@emnapi/runtime": "2.0.0-alpha.4",
        "@napi-rs/cli": "^3.8.2",
        "@napi-rs/wasm-runtime": "~1.2.2",
        "@oxc-node/cli": "^0.1.0",
        "cac": "^7.0.0",
        "consola": "^3.4.2",
        "emnapi": "2.0.0-alpha.4",
        "execa": "^9.2.0",
        "fresh-import": "^0.2.1",
        "glob": "^13.0.0",
        "oxc-parser": "=0.146.0",
        "pathe": "^2.0.3",
        "remeda": "^2.34.1",
        "rolldown": "1.2.5",
        "rolldown-plugin-dts": "^0.28.0",
        "rollup": "^4.60.4",
        "signal-exit": "4.1.0",
        "source-map": "0.8.0",
        "typescript": "^6.0.0",
        "valibot": "1.4.2"
      },
      "engines": {
        "node": "^20.19.0 || >=22.12.0"
      },
      "optionalDependencies": {
        "@rolldown/binding-android-arm-eabi": "1.2.5",
        "@rolldown/binding-android-arm64": "1.2.5",
        "@rolldown/binding-darwin-arm64": "1.2.5",
        "@rolldown/binding-darwin-x64": "1.2.5",
        "@rolldown/binding-freebsd-x64": "1.2.5",
        "@rolldown/binding-linux-arm-gnueabihf": "1.2.5",
        "@rolldown/binding-linux-arm64-gnu": "1.2.5",
        "@rolldown/binding-linux-arm64-musl": "1.2.5",
        "@rolldown/binding-linux-ppc64-gnu": "1.2.5",
        "@rolldown/binding-linux-s390x-gnu": "1.2.5",
        "@rolldown/binding-linux-x64-gnu": "1.2.5",
        "@rolldown/binding-linux-x64-musl": "1.2.5",
        "@rolldown/binding-openharmony-arm64": "1.2.5",
        "@rolldown/binding-win32-arm64-msvc": "1.2.5",
        "@rolldown/binding-win32-x64-msvc": "1.2.5"
      }
    },
    "../beamer-to-ppt/node_modules/safe-buffer": {
      "version": "5.1.2",
      "extraneous": true,
      "license": "MIT",
      "devDependencies": {
        "standard": "*",
        "tape": "^4.0.0"
      }
    },
    "../beamer-to-ppt/node_modules/setimmediate": {
      "version": "1.0.5",
      "extraneous": true,
      "license": "MIT",
      "devDependencies": {
        "http-server": "~0.6.1",
        "jshint": "^2.5.0",
        "mocha": "~1.18.2",
        "opener": "^1.3",
        "zuul": "^1.6.4"
      }
    },
    "../beamer-to-ppt/node_modules/source-map-js": {
      "version": "1.2.1",
      "extraneous": true,
      "license": "BSD-3-Clause",
      "devDependencies": {
        "clean-publish": "^3.1.0",
        "doctoc": "^0.15.0",
        "webpack": "^1.12.0"
      },
      "engines": {
        "node": ">=0.10.0"
      }
    },
    "../beamer-to-ppt/node_modules/string_decoder": {
      "version": "1.1.1",
      "extraneous": true,
      "license": "MIT",
      "dependencies": {
        "safe-buffer": "~5.1.0"
      },
      "devDependencies": {
        "babel-polyfill": "^6.23.0",
        "core-util-is": "^1.0.2",
        "inherits": "^2.0.3",
        "tap": "~0.4.8"
      }
    },
    "../beamer-to-ppt/node_modules/tinyglobby": {
      "version": "0.2.17",
      "extraneous": true,
      "license": "MIT",
      "dependencies": {
        "fdir": "^6.5.0",
        "picomatch": "^4.0.4"
      },
      "devDependencies": {
        "@biomejs/biome": "^2.4.16",
        "@types/node": "^25.9.1",
        "@types/picomatch": "^4.0.3",
        "fast-glob": "^3.3.3",
        "fs-fixture": "^2.14.0",
        "glob": "^13.0.6",
        "tinybench": "^6.0.2",
        "tsdown": "^0.22.1",
        "typescript": "^6.0.3"
      },
      "engines": {
        "node": ">=12.0.0"
      },
      "funding": {
        "url": "https://github.com/sponsors/SuperchupuDev"
      }
    },
    "../beamer-to-ppt/node_modules/typescript": {
      "version": "5.9.3",
      "dev": true,
      "license": "Apache-2.0",
      "bin": {
        "tsc": "bin/tsc",
        "tsserver": "bin/tsserver"
      },
      "devDependencies": {
        "@dprint/formatter": "^0.4.1",
        "@dprint/typescript": "0.93.4",
        "@esfx/canceltoken": "^1.0.0",
        "@eslint/js": "^9.20.0",
        "@octokit/rest": "^21.1.1",
        "@types/chai": "^4.3.20",
        "@types/diff": "^7.0.1",
        "@types/minimist": "^1.2.5",
        "@types/mocha": "^10.0.10",
        "@types/ms": "^0.7.34",
        "@types/node": "latest",
        "@types/source-map-support": "^0.5.10",
        "@types/which": "^3.0.4",
        "@typescript-eslint/rule-tester": "^8.24.1",
        "@typescript-eslint/type-utils": "^8.24.1",
        "@typescript-eslint/utils": "^8.24.1",
        "azure-devops-node-api": "^14.1.0",
        "c8": "^10.1.3",
        "chai": "^4.5.0",
        "chokidar": "^4.0.3",
        "diff": "^7.0.0",
        "dprint": "^0.49.0",
        "esbuild": "^0.25.0",
        "eslint": "^9.20.1",
        "eslint-formatter-autolinkable-stylish": "^1.4.0",
        "eslint-plugin-regexp": "^2.7.0",
        "fast-xml-parser": "^4.5.2",
        "glob": "^10.4.5",
        "globals": "^15.15.0",
        "hereby": "^1.10.0",
        "jsonc-parser": "^3.3.1",
        "knip": "^5.44.4",
        "minimist": "^1.2.8",
        "mocha": "^10.8.2",
        "mocha-fivemat-progress-reporter": "^0.1.0",
        "monocart-coverage-reports": "^2.12.1",
        "ms": "^2.1.3",
        "picocolors": "^1.1.1",
        "playwright": "^1.50.1",
        "source-map-support": "^0.5.21",
        "tslib": "^2.8.1",
        "typescript": "^5.7.3",
        "typescript-eslint": "^8.24.1",
        "which": "^3.0.1"
      },
      "engines": {
        "node": ">=14.17"
      }
    },
    "../beamer-to-ppt/node_modules/undici-types": {
      "version": "7.16.0",
      "extraneous": true,
      "license": "MIT"
    },
    "../beamer-to-ppt/node_modules/util-deprecate": {
      "version": "1.0.2",
      "extraneous": true,
      "license": "MIT"
    },
    "../beamer-to-ppt/node_modules/vite": {
      "version": "8.2.2",
      "dev": true,
      "license": "MIT",
      "dependencies": {
        "lightningcss": "^1.33.0",
        "picomatch": "^4.0.5",
        "postcss": "^8.5.26",
        "rolldown": "~1.2.4",
        "tinyglobby": "^0.2.17"
      },
      "bin": {
        "vite": "bin/vite.js"
      },
      "devDependencies": {
        "@babel/parser": "^7.29.8",
        "@jridgewell/remapping": "^2.3.5",
        "@jridgewell/trace-mapping": "^0.3.31",
        "@polka/compression": "^1.0.0-next.25",
        "@rollup/plugin-alias": "^6.0.0",
        "@rollup/plugin-dynamic-import-vars": "2.1.4",
        "@rollup/pluginutils": "^5.4.0",
        "@types/escape-html": "^1.0.4",
        "@types/pnpapi": "^0.0.5",
        "@vercel/detect-agent": "^1.2.5",
        "@vitejs/devtools": "^0.4.12",
        "@vitest/utils": "4.1.10",
        "@voidzero-dev/vite-task-client": "^0.2.0",
        "artichokie": "^0.4.4",
        "baseline-browser-mapping": "^2.11.14",
        "cac": "^7.0.0",
        "chokidar": "^3.6.0",
        "connect": "^3.7.0",
        "convert-source-map": "^2.0.0",
        "cors": "^2.8.6",
        "cross-spawn": "^7.0.6",
        "dotenv-expand": "^13.0.0",
        "es-module-lexer": "^2.3.1",
        "esbuild": "^0.28.2",
        "escape-html": "^1.0.3",
        "estree-walker": "^3.0.3",
        "etag": "^1.8.1",
        "fresh-import": "^0.2.1",
        "host-validation-middleware": "^0.1.4",
        "http-proxy-3": "^1.23.3",
        "launch-editor-middleware": "^2.14.1",
        "magic-string": "^1.2.0",
        "mlly": "^1.8.2",
        "mrmime": "^2.0.1",
        "nanoid": "^5.1.16",
        "obug": "^1.0.2",
        "open": "^10.2.0",
        "parse5": "^8.0.1",
        "pathe": "^2.0.3",
        "periscopic": "^4.0.3",
        "picocolors": "^1.1.1",
        "postcss-import": "^16.2.0",
        "postcss-load-config": "^6.0.1",
        "postcss-modules": "^9.0.1",
        "premove": "^4.0.0",
        "resolve.exports": "^2.0.3",
        "rolldown-plugin-dts": "^0.28.2",
        "rollup": "^4.59.0",
        "rollup-plugin-license": "^3.7.1",
        "sass": "^1.102.0",
        "sass-embedded": "^1.102.0",
        "sirv": "^3.0.2",
        "strip-literal": "^4.0.0",
        "terser": "^5.50.0",
        "ufo": "^1.6.4",
        "ws": "^8.21.3"
      },
      "engines": {
        "node": "^20.19.0 || >=22.12.0"
      },
      "funding": {
        "url": "https://github.com/vitejs/vite?sponsor=1"
      },
      "optionalDependencies": {
        "fsevents": "~2.3.3"
      },
      "peerDependencies": {
        "@types/node": "^20.19.0 || >=22.12.0",
        "@vitejs/devtools": "^0.4.0 || ^0.5.0",
        "esbuild": "^0.27.0 || ^0.28.0",
        "jiti": ">=1.21.0",
        "less": "^4.0.0",
        "sass": "^1.70.0",
        "sass-embedded": "^1.70.0",
        "stylus": ">=0.54.8",
        "sugarss": "^5.0.0",
        "terser": "^5.16.0",
        "tsx": "^4.8.1",
        "yaml": "^2.4.2"
      },
      "peerDependenciesMeta": {
        "@types/node": {
          "optional": true
        },
        "@vitejs/devtools": {
          "optional": true
        },
        "esbuild": {
          "optional": true
        },
        "jiti": {
          "optional": true
        },
        "less": {
          "optional": true
        },
        "sass": {
          "optional": true
        },
        "sass-embedded": {
          "optional": true
        },
        "stylus": {
          "optional": true
        },
        "sugarss": {
          "optional": true
        },
        "terser": {
          "optional": true
        },
        "tsx": {
          "optional": true
        },
        "yaml": {
          "optional": true
        }
      }
    },
    "node_modules/@types/node": {
      "version": "24.10.1",
      "resolved": "https://registry.npmjs.org/@types/node/-/node-24.10.1.tgz",
      "integrity": "sha512-GNWcUTRBgIRJD5zj+Tq0fKOJ5XZajIiBroOF0yvj2bSU1WvNdYS/dn9UxwsujGW4JX06dnHyjV2y9rRaybH0iQ==",
      "dev": true,
      "license": "MIT",
      "dependencies": {
        "undici-types": "~7.16.0"
      }
    },
    "node_modules/typescript": {
      "resolved": "../beamer-to-ppt/node_modules/typescript",
      "link": true
    },
    "node_modules/undici-types": {
      "version": "7.16.0",
      "resolved": "https://registry.npmjs.org/undici-types/-/undici-types-7.16.0.tgz",
      "integrity": "sha512-Zz+aZWSj8LE6zoxD+xrjh4VfkIG8Ya6LvYkZqtUQGJPZjYl53ypCaUwWqo7eI0x66KBGeRo+mlBEkMSeSZ38Nw==",
      "dev": true,
      "license": "MIT"
    },
    "node_modules/vite": {
      "resolved": "../beamer-to-ppt/node_modules/vite",
      "link": true
    }
  }
}
